
Microsoft Visual Studio Solution File, Format Version 12.00
# Visual Studio Version 16
VisualStudioVersion = 16.0.32901.82
MinimumVisualStudioVersion = 10.0.40219.1
Project("{FAE04EC0-301F-11D3-BF4B-00C04F79EFBC}") = "txtEditor", "txtEditor\txtEditor.csproj", "{8C258109-4C88-4A0F-800F-27810FF7604A}"
EndProject
Global
	GlobalSection(SolutionConfigurationPlatforms) = preSolution
		Debug|Any CPU = Debug|Any CPU
		Release|Any CPU = Release|Any CPU
	EndGlobalSection
	GlobalSection(ProjectConfigurationPlatforms) = postSolution
		{8C258109-4C88-4A0F-800F-27810FF7604A}.Debug|Any CPU.ActiveCfg = Debug|Any CPU
		{8C258109-4C88-4A0F-800F-27810FF7604A}.Debug|Any CPU.Build.0 = Debug|Any CPU
		{8C258109-4C88-4A0F-800F-27810FF7604A}.Release|Any CPU.ActiveCfg = Release|Any CPU
		{8C258109-4C88-4A0F-800F-27810FF7604A}.Release|Any CPU.Build.0 = Release|Any CPU
	EndGlobalSection
	GlobalSection(SolutionProperties) = preSolution
		HideSolutionNode = FALSE
	EndGlobalSection
	GlobalSection(ExtensibilityGlobals) = postSolution
		SolutionGuid = {44FEF3E5-DE95-4381-A06B-9CCBDAF2B51E}
	EndGlobalSection
EndGlobal
